
Microsoft Visual Studio Solution File, Format Version 12.00
# Visual Studio 2012
Project("{FAE04EC0-301F-11D3-BF4B-00C04F79EFBC}") = "WcfService_Book", "WcfService_Book\WcfService_Book.csproj", "{28416F03-AD1D-49F8-A64C-01BB3A0FA31F}"
EndProject
Project("{FAE04EC0-301F-11D3-BF4B-00C04F79EFBC}") = "Book_Library", "Book_Library\Book_Library.csproj", "{55528C2D-75A5-4B96-B459-EA7D51DC4B1D}"
EndProject
Global
	GlobalSection(SolutionConfigurationPlatforms) = preSolution
		Debug|Any CPU = Debug|Any CPU
		Release|Any CPU = Release|Any CPU
	EndGlobalSection
	GlobalSection(ProjectConfigurationPlatforms) = postSolution
		{28416F03-AD1D-49F8-A64C-01BB3A0FA31F}.Debug|Any CPU.ActiveCfg = Debug|Any CPU
		{28416F03-AD1D-49F8-A64C-01BB3A0FA31F}.Debug|Any CPU.Build.0 = Debug|Any CPU
		{28416F03-AD1D-49F8-A64C-01BB3A0FA31F}.Release|Any CPU.ActiveCfg = Release|Any CPU
		{28416F03-AD1D-49F8-A64C-01BB3A0FA31F}.Release|Any CPU.Build.0 = Release|Any CPU
		{55528C2D-75A5-4B96-B459-EA7D51DC4B1D}.Debug|Any CPU.ActiveCfg = Debug|Any CPU
		{55528C2D-75A5-4B96-B459-EA7D51DC4B1D}.Debug|Any CPU.Build.0 = Debug|Any CPU
		{55528C2D-75A5-4B96-B459-EA7D51DC4B1D}.Release|Any CPU.ActiveCfg = Release|Any CPU
		{55528C2D-75A5-4B96-B459-EA7D51DC4B1D}.Release|Any CPU.Build.0 = Release|Any CPU
	EndGlobalSection
	GlobalSection(SolutionProperties) = preSolution
		HideSolutionNode = FALSE
	EndGlobalSection
EndGlobal
